// !$*UTF8*$!
{
	archiveVersion = 1;
	classes = {
	};
	objectVersion = 56;
	objects = {

/* Begin PBXBuildFile section */
		F201A50028FAB28F0023FAE8 /* SelectTableView.swift in Sources */ = {isa = PBXBuildFile; fileRef = F201A4FF28FAB28F0023FAE8 /* SelectTableView.swift */; };
		F2091E702916F6DB00FFAFD0 /* TableProtocol.swift in Sources */ = {isa = PBXBuildFile; fileRef = F2091E6F2916F6DB00FFAFD0 /* TableProtocol.swift */; };
		F2268FD428FD755A0096F35C /* OrdersInProgressViewModel.swift in Sources */ = {isa = PBXBuildFile; fileRef = F2268FD328FD755A0096F35C /* OrdersInProgressViewModel.swift */; };
		F227C2192916992D00184384 /* TableModel.swift in Sources */ = {isa = PBXBuildFile; fileRef = F227C2182916992D00184384 /* TableModel.swift */; };
		F235591C2903F52A002AEF80 /* OrdersInKitchenViewModel.swift in Sources */ = {isa = PBXBuildFile; fileRef = F235591B2903F52A002AEF80 /* OrdersInKitchenViewModel.swift */; };
		F235591E29045587002AEF80 /* OrderCardView.swift in Sources */ = {isa = PBXBuildFile; fileRef = F235591D29045587002AEF80 /* OrderCardView.swift */; };
		F237CB9529055E5D003C1007 /* SignInView.swift in Sources */ = {isa = PBXBuildFile; fileRef = F237CB9429055E5D003C1007 /* SignInView.swift */; };
		F23D0ADB2909A287005C84F3 /* MenuViewModel.swift in Sources */ = {isa = PBXBuildFile; fileRef = F23D0ADA2909A287005C84F3 /* MenuViewModel.swift */; };
		F23D0ADE290A9B0F005C84F3 /* MenuModel.swift in Sources */ = {isa = PBXBuildFile; fileRef = F23D0ADD290A9B0E005C84F3 /* MenuModel.swift */; };
		F253267828F5E45A002F5F36 /* ResServiceApp.swift in Sources */ = {isa = PBXBuildFile; fileRef = F253267728F5E45A002F5F36 /* ResServiceApp.swift */; };
		F253267A28F5E45A002F5F36 /* ContentView.swift in Sources */ = {isa = PBXBuildFile; fileRef = F253267928F5E45A002F5F36 /* ContentView.swift */; };
		F253267C28F5E45A002F5F36 /* Assets.xcassets in Resources */ = {isa = PBXBuildFile; fileRef = F253267B28F5E45A002F5F36 /* Assets.xcassets */; };
		F253267F28F5E45A002F5F36 /* Preview Assets.xcassets in Resources */ = {isa = PBXBuildFile; fileRef = F253267E28F5E45A002F5F36 /* Preview Assets.xcassets */; };
		F253268928F5E45A002F5F36 /* ResServiceTests.swift in Sources */ = {isa = PBXBuildFile; fileRef = F253268828F5E45A002F5F36 /* ResServiceTests.swift */; };
		F253269328F5E45A002F5F36 /* ResServiceUITests.swift in Sources */ = {isa = PBXBuildFile; fileRef = F253269228F5E45A002F5F36 /* ResServiceUITests.swift */; };
		F253269528F5E45A002F5F36 /* ResServiceUITestsLaunchTests.swift in Sources */ = {isa = PBXBuildFile; fileRef = F253269428F5E45A002F5F36 /* ResServiceUITestsLaunchTests.swift */; };
		F25326A428F5E9E6002F5F36 /* GoogleService-Info.plist in Resources */ = {isa = PBXBuildFile; fileRef = F25326A328F5E9E6002F5F36 /* GoogleService-Info.plist */; };
		F25326AD28F72266002F5F36 /* WaiterOrderView.swift in Sources */ = {isa = PBXBuildFile; fileRef = F25326AC28F72266002F5F36 /* WaiterOrderView.swift */; };
		F25326B028F7290D002F5F36 /* DishView.swift in Sources */ = {isa = PBXBuildFile; fileRef = F25326AF28F7290D002F5F36 /* DishView.swift */; };
		F25326B228F82A71002F5F36 /* KitchenView.swift in Sources */ = {isa = PBXBuildFile; fileRef = F25326B128F82A71002F5F36 /* KitchenView.swift */; };
		F25326B528F87358002F5F36 /* FunctionBoxView.swift in Sources */ = {isa = PBXBuildFile; fileRef = F25326B428F87358002F5F36 /* FunctionBoxView.swift */; };
		F29B1C2729056E5000303829 /* FirebaseAnalytics in Frameworks */ = {isa = PBXBuildFile; productRef = F29B1C2629056E5000303829 /* FirebaseAnalytics */; };
		F29B1C2929056E5000303829 /* FirebaseAnalyticsWithoutAdIdSupport in Frameworks */ = {isa = PBXBuildFile; productRef = F29B1C2829056E5000303829 /* FirebaseAnalyticsWithoutAdIdSupport */; };
		F29B1C2B29056E5000303829 /* FirebaseAuth in Frameworks */ = {isa = PBXBuildFile; productRef = F29B1C2A29056E5000303829 /* FirebaseAuth */; };
		F29B1C2D29056E5000303829 /* FirebaseDatabase in Frameworks */ = {isa = PBXBuildFile; productRef = F29B1C2C29056E5000303829 /* FirebaseDatabase */; };
		F29B1C2F2905C69500303829 /* UserModel.swift in Sources */ = {isa = PBXBuildFile; fileRef = F29B1C2E2905C69500303829 /* UserModel.swift */; };
		F29B1C322908265700303829 /* BossMainView.swift in Sources */ = {isa = PBXBuildFile; fileRef = F29B1C312908265700303829 /* BossMainView.swift */; };
		F29B1C3529082A2F00303829 /* RoleEnum.swift in Sources */ = {isa = PBXBuildFile; fileRef = F29B1C3429082A2F00303829 /* RoleEnum.swift */; };
		F29B1C372908503800303829 /* MenuView.swift in Sources */ = {isa = PBXBuildFile; fileRef = F29B1C362908503800303829 /* MenuView.swift */; };
		F29B1C3929085C7E00303829 /* AddDishToMenuView.swift in Sources */ = {isa = PBXBuildFile; fileRef = F29B1C3829085C7E00303829 /* AddDishToMenuView.swift */; };
		F2C14386291418180043CB32 /* TableInManageDiningRoomView.swift in Sources */ = {isa = PBXBuildFile; fileRef = F2C14385291418180043CB32 /* TableInManageDiningRoomView.swift */; };
		F2C143882914191A0043CB32 /* ManageDiningRoomView.swift in Sources */ = {isa = PBXBuildFile; fileRef = F2C143872914191A0043CB32 /* ManageDiningRoomView.swift */; };
		F2D41C922912ACBE001B8230 /* DishModel.swift in Sources */ = {isa = PBXBuildFile; fileRef = F2D41C912912ACBE001B8230 /* DishModel.swift */; };
		F2D41C942912AEB2001B8230 /* OrderModel.swift in Sources */ = {isa = PBXBuildFile; fileRef = F2D41C932912AEB2001B8230 /* OrderModel.swift */; };
		F2D41C962912AEC8001B8230 /* OrderCardModel.swift in Sources */ = {isa = PBXBuildFile; fileRef = F2D41C952912AEC8001B8230 /* OrderCardModel.swift */; };
		F2D41C982912AF3A001B8230 /* MenuSectionAndItemModel.swift in Sources */ = {isa = PBXBuildFile; fileRef = F2D41C972912AF3A001B8230 /* MenuSectionAndItemModel.swift */; };
		F2D41C9A2912B1A2001B8230 /* Const.swift in Sources */ = {isa = PBXBuildFile; fileRef = F2D41C992912B1A2001B8230 /* Const.swift */; };
		F2EC9FC82912C99F00493A27 /* DiningRoomView.swift in Sources */ = {isa = PBXBuildFile; fileRef = F2EC9FC72912C99F00493A27 /* DiningRoomView.swift */; };
		F2EC9FCA2912CA1E00493A27 /* TableView.swift in Sources */ = {isa = PBXBuildFile; fileRef = F2EC9FC92912CA1E00493A27 /* TableView.swift */; };
		F2EC9FCC2913CEA700493A27 /* DiningRoomViewModel.swift in Sources */ = {isa = PBXBuildFile; fileRef = F2EC9FCB2913CEA700493A27 /* DiningRoomViewModel.swift */; };
/* End PBXBuildFile section */

/* Begin PBXContainerItemProxy section */
		F253268528F5E45A002F5F36 /* PBXContainerItemProxy */ = {
			isa = PBXContainerItemProxy;
			containerPortal = F253266C28F5E45A002F5F36 /* Project object */;
			proxyType = 1;
			remoteGlobalIDString = F253267328F5E45A002F5F36;
			remoteInfo = ResService;
		};
		F253268F28F5E45A002F5F36 /* PBXContainerItemProxy */ = {
			isa = PBXContainerItemProxy;
			containerPortal = F253266C28F5E45A002F5F36 /* Project object */;
			proxyType = 1;
			remoteGlobalIDString = F253267328F5E45A002F5F36;
			remoteInfo = ResService;
		};
/* End PBXContainerItemProxy section */

/* Begin PBXFileReference section */
		F201A4FF28FAB28F0023FAE8 /* SelectTableView.swift */ = {isa = PBXFileReference; lastKnownFileType = sourcecode.swift; path = SelectTableView.swift; sourceTree = "<group>"; };
		F2091E6F2916F6DB00FFAFD0 /* TableProtocol.swift */ = {isa = PBXFileReference; lastKnownFileType = sourcecode.swift; path = TableProtocol.swift; sourceTree = "<group>"; };
		F2268FD328FD755A0096F35C /* OrdersInProgressViewModel.swift */ = {isa = PBXFileReference; lastKnownFileType = sourcecode.swift; path = OrdersInProgressViewModel.swift; sourceTree = "<group>"; };
		F227C2182916992D00184384 /* TableModel.swift */ = {isa = PBXFileReference; lastKnownFileType = sourcecode.swift; path = TableModel.swift; sourceTree = "<group>"; };
		F235591B2903F52A002AEF80 /* OrdersInKitchenViewModel.swift */ = {isa = PBXFileReference; lastKnownFileType = sourcecode.swift; path = OrdersInKitchenViewModel.swift; sourceTree = "<group>"; };
		F235591D29045587002AEF80 /* OrderCardView.swift */ = {isa = PBXFileReference; lastKnownFileType = sourcecode.swift; path = OrderCardView.swift; sourceTree = "<group>"; };
		F237CB9429055E5D003C1007 /* SignInView.swift */ = {isa = PBXFileReference; lastKnownFileType = sourcecode.swift; path = SignInView.swift; sourceTree = "<group>"; };
		F23D0ADA2909A287005C84F3 /* MenuViewModel.swift */ = {isa = PBXFileReference; lastKnownFileType = sourcecode.swift; path = MenuViewModel.swift; sourceTree = "<group>"; };
		F23D0ADD290A9B0E005C84F3 /* MenuModel.swift */ = {isa = PBXFileReference; lastKnownFileType = sourcecode.swift; path = MenuModel.swift; sourceTree = "<group>"; };
		F253267428F5E45A002F5F36 /* ResService.app */ = {isa = PBXFileReference; explicitFileType = wrapper.application; includeInIndex = 0; path = ResService.app; sourceTree = BUILT_PRODUCTS_DIR; };
		F253267728F5E45A002F5F36 /* ResServiceApp.swift */ = {isa = PBXFileReference; lastKnownFileType = sourcecode.swift; path = ResServiceApp.swift; sourceTree = "<group>"; };
		F253267928F5E45A002F5F36 /* ContentView.swift */ = {isa = PBXFileReference; lastKnownFileType = sourcecode.swift; path = ContentView.swift; sourceTree = "<group>"; };
		F253267B28F5E45A002F5F36 /* Assets.xcassets */ = {isa = PBXFileReference; lastKnownFileType = folder.assetcatalog; path = Assets.xcassets; sourceTree = "<group>"; };
		F253267E28F5E45A002F5F36 /* Preview Assets.xcassets */ = {isa = PBXFileReference; lastKnownFileType = folder.assetcatalog; path = "Preview Assets.xcassets"; sourceTree = "<group>"; };
		F253268428F5E45A002F5F36 /* ResServiceTests.xctest */ = {isa = PBXFileReference; explicitFileType = wrapper.cfbundle; includeInIndex = 0; path = ResServiceTests.xctest; sourceTree = BUILT_PRODUCTS_DIR; };
		F253268828F5E45A002F5F36 /* ResServiceTests.swift */ = {isa = PBXFileReference; lastKnownFileType = sourcecode.swift; path = ResServiceTests.swift; sourceTree = "<group>"; };
		F253268E28F5E45A002F5F36 /* ResServiceUITests.xctest */ = {isa = PBXFileReference; explicitFileType = wrapper.cfbundle; includeInIndex = 0; path = ResServiceUITests.xctest; sourceTree = BUILT_PRODUCTS_DIR; };
		F253269228F5E45A002F5F36 /* ResServiceUITests.swift */ = {isa = PBXFileReference; lastKnownFileType = sourcecode.swift; path = ResServiceUITests.swift; sourceTree = "<group>"; };
		F253269428F5E45A002F5F36 /* ResServiceUITestsLaunchTests.swift */ = {isa = PBXFileReference; lastKnownFileType = sourcecode.swift; path = ResServiceUITestsLaunchTests.swift; sourceTree = "<group>"; };
		F25326A328F5E9E6002F5F36 /* GoogleService-Info.plist */ = {isa = PBXFileReference; fileEncoding = 4; lastKnownFileType = text.plist.xml; path = "GoogleService-Info.plist"; sourceTree = "<group>"; };
		F25326AC28F72266002F5F36 /* WaiterOrderView.swift */ = {isa = PBXFileReference; lastKnownFileType = sourcecode.swift; path = WaiterOrderView.swift; sourceTree = "<group>"; };
		F25326AF28F7290D002F5F36 /* DishView.swift */ = {isa = PBXFileReference; lastKnownFileType = sourcecode.swift; path = DishView.swift; sourceTree = "<group>"; };
		F25326B128F82A71002F5F36 /* KitchenView.swift */ = {isa = PBXFileReference; lastKnownFileType = sourcecode.swift; path = KitchenView.swift; sourceTree = "<group>"; };
		F25326B428F87358002F5F36 /* FunctionBoxView.swift */ = {isa = PBXFileReference; lastKnownFileType = sourcecode.swift; path = FunctionBoxView.swift; sourceTree = "<group>"; };
		F29B1C2E2905C69500303829 /* UserModel.swift */ = {isa = PBXFileReference; lastKnownFileType = sourcecode.swift; path = UserModel.swift; sourceTree = "<group>"; };
		F29B1C312908265700303829 /* BossMainView.swift */ = {isa = PBXFileReference; lastKnownFileType = sourcecode.swift; path = BossMainView.swift; sourceTree = "<group>"; };
		F29B1C3429082A2F00303829 /* RoleEnum.swift */ = {isa = PBXFileReference; lastKnownFileType = sourcecode.swift; path = RoleEnum.swift; sourceTree = "<group>"; };
		F29B1C362908503800303829 /* MenuView.swift */ = {isa = PBXFileReference; lastKnownFileType = sourcecode.swift; path = MenuView.swift; sourceTree = "<group>"; };
		F29B1C3829085C7E00303829 /* AddDishToMenuView.swift */ = {isa = PBXFileReference; lastKnownFileType = sourcecode.swift; path = AddDishToMenuView.swift; sourceTree = "<group>"; };
		F2C14385291418180043CB32 /* TableInManageDiningRoomView.swift */ = {isa = PBXFileReference; lastKnownFileType = sourcecode.swift; path = TableInManageDiningRoomView.swift; sourceTree = "<group>"; };
		F2C143872914191A0043CB32 /* ManageDiningRoomView.swift */ = {isa = PBXFileReference; lastKnownFileType = sourcecode.swift; path = ManageDiningRoomView.swift; sourceTree = "<group>"; };
		F2D41C912912ACBE001B8230 /* DishModel.swift */ = {isa = PBXFileReference; lastKnownFileType = sourcecode.swift; path = DishModel.swift; sourceTree = "<group>"; };
		F2D41C932912AEB2001B8230 /* OrderModel.swift */ = {isa = PBXFileReference; lastKnownFileType = sourcecode.swift; path = OrderModel.swift; sourceTree = "<group>"; };
		F2D41C952912AEC8001B8230 /* OrderCardModel.swift */ = {isa = PBXFileReference; lastKnownFileType = sourcecode.swift; path = OrderCardModel.swift; sourceTree = "<group>"; };
		F2D41C972912AF3A001B8230 /* MenuSectionAndItemModel.swift */ = {isa = PBXFileReference; lastKnownFileType = sourcecode.swift; path = MenuSectionAndItemModel.swift; sourceTree = "<group>"; };
		F2D41C992912B1A2001B8230 /* Const.swift */ = {isa = PBXFileReference; lastKnownFileType = sourcecode.swift; path = Const.swift; sourceTree = "<group>"; };
		F2EC9FC72912C99F00493A27 /* DiningRoomView.swift */ = {isa = PBXFileReference; lastKnownFileType = sourcecode.swift; path = DiningRoomView.swift; sourceTree = "<group>"; };
		F2EC9FC92912CA1E00493A27 /* TableView.swift */ = {isa = PBXFileReference; lastKnownFileType = sourcecode.swift; path = TableView.swift; sourceTree = "<group>"; };
		F2EC9FCB2913CEA700493A27 /* DiningRoomViewModel.swift */ = {isa = PBXFileReference; lastKnownFileType = sourcecode.swift; path = DiningRoomViewModel.swift; sourceTree = "<group>"; };
/* End PBXFileReference section */

/* Begin PBXFrameworksBuildPhase section */
		F253267128F5E45A002F5F36 /* Frameworks */ = {
			isa = PBXFrameworksBuildPhase;
			buildActionMask = 2147483647;
			files = (
				F29B1C2729056E5000303829 /* FirebaseAnalytics in Frameworks */,
				F29B1C2B29056E5000303829 /* FirebaseAuth in Frameworks */,
				F29B1C2D29056E5000303829 /* FirebaseDatabase in Frameworks */,
				F29B1C2929056E5000303829 /* FirebaseAnalyticsWithoutAdIdSupport in Frameworks */,
			);
			runOnlyForDeploymentPostprocessing = 0;
		};
		F253268128F5E45A002F5F36 /* Frameworks */ = {
			isa = PBXFrameworksBuildPhase;
			buildActionMask = 2147483647;
			files = (
			);
			runOnlyForDeploymentPostprocessing = 0;
		};
		F253268B28F5E45A002F5F36 /* Frameworks */ = {
			isa = PBXFrameworksBuildPhase;
			buildActionMask = 2147483647;
			files = (
			);
			runOnlyForDeploymentPostprocessing = 0;
		};
/* End PBXFrameworksBuildPhase section */

/* Begin PBXGroup section */
		F2091E6E2916F6CC00FFAFD0 /* Protocols */ = {
			isa = PBXGroup;
			children = (
				F2091E6F2916F6DB00FFAFD0 /* TableProtocol.swift */,
			);
			path = Protocols;
			sourceTree = "<group>";
		};
		F237CB9329055E1B003C1007 /* SignInLogInViews */ = {
			isa = PBXGroup;
			children = (
				F237CB9429055E5D003C1007 /* SignInView.swift */,
			);
			path = SignInLogInViews;
			sourceTree = "<group>";
		};
		F23D0AD82909A211005C84F3 /* Views */ = {
			isa = PBXGroup;
			children = (
				F2C14384291417D50043CB32 /* ManageDiningRoomViews */,
				F2EC9FC62912C98E00493A27 /* DiningRoomViews */,
				F25326B628F87360002F5F36 /* FunctionsViews */,
				F25326AE28F728C4002F5F36 /* WaiterViews */,
				F25326B328F82A78002F5F36 /* KitchenViews */,
				F237CB9329055E1B003C1007 /* SignInLogInViews */,
				F29B1C302908264500303829 /* BossViews */,
				F23D0AD92909A226005C84F3 /* MenuView */,
			);
			path = Views;
			sourceTree = "<group>";
		};
		F23D0AD92909A226005C84F3 /* MenuView */ = {
			isa = PBXGroup;
			children = (
				F29B1C362908503800303829 /* MenuView.swift */,
			);
			path = MenuView;
			sourceTree = "<group>";
		};
		F23D0ADC290A9AE7005C84F3 /* Model */ = {
			isa = PBXGroup;
			children = (
				F23D0ADD290A9B0E005C84F3 /* MenuModel.swift */,
				F29B1C2E2905C69500303829 /* UserModel.swift */,
				F2D41C912912ACBE001B8230 /* DishModel.swift */,
				F2D41C932912AEB2001B8230 /* OrderModel.swift */,
				F2D41C952912AEC8001B8230 /* OrderCardModel.swift */,
				F2D41C972912AF3A001B8230 /* MenuSectionAndItemModel.swift */,
				F227C2182916992D00184384 /* TableModel.swift */,
			);
			path = Model;
			sourceTree = "<group>";
		};
		F253266B28F5E45A002F5F36 = {
			isa = PBXGroup;
			children = (
				F253267628F5E45A002F5F36 /* ResService */,
				F253268728F5E45A002F5F36 /* ResServiceTests */,
				F253269128F5E45A002F5F36 /* ResServiceUITests */,
				F253267528F5E45A002F5F36 /* Products */,
			);
			sourceTree = "<group>";
		};
		F253267528F5E45A002F5F36 /* Products */ = {
			isa = PBXGroup;
			children = (
				F253267428F5E45A002F5F36 /* ResService.app */,
				F253268428F5E45A002F5F36 /* ResServiceTests.xctest */,
				F253268E28F5E45A002F5F36 /* ResServiceUITests.xctest */,
			);
			name = Products;
			sourceTree = "<group>";
		};
		F253267628F5E45A002F5F36 /* ResService */ = {
			isa = PBXGroup;
			children = (
				F29BC14E2917F3A500557956 /* ViewModels */,
				F2091E6E2916F6CC00FFAFD0 /* Protocols */,
				F23D0ADC290A9AE7005C84F3 /* Model */,
				F23D0AD82909A211005C84F3 /* Views */,
				F29B1C3329082A1A00303829 /* Enums */,
				F25326A328F5E9E6002F5F36 /* GoogleService-Info.plist */,
				F253267728F5E45A002F5F36 /* ResServiceApp.swift */,
				F253267928F5E45A002F5F36 /* ContentView.swift */,
				F253267B28F5E45A002F5F36 /* Assets.xcassets */,
				F253267D28F5E45A002F5F36 /* Preview Content */,
				F2D41C992912B1A2001B8230 /* Const.swift */,
			);
			path = ResService;
			sourceTree = "<group>";
		};
		F253267D28F5E45A002F5F36 /* Preview Content */ = {
			isa = PBXGroup;
			children = (
				F253267E28F5E45A002F5F36 /* Preview Assets.xcassets */,
			);
			path = "Preview Content";
			sourceTree = "<group>";
		};
		F253268728F5E45A002F5F36 /* ResServiceTests */ = {
			isa = PBXGroup;
			children = (
				F253268828F5E45A002F5F36 /* ResServiceTests.swift */,
			);
			path = ResServiceTests;
			sourceTree = "<group>";
		};
		F253269128F5E45A002F5F36 /* ResServiceUITests */ = {
			isa = PBXGroup;
			children = (
				F253269228F5E45A002F5F36 /* ResServiceUITests.swift */,
				F253269428F5E45A002F5F36 /* ResServiceUITestsLaunchTests.swift */,
			);
			path = ResServiceUITests;
			sourceTree = "<group>";
		};
		F25326AE28F728C4002F5F36 /* WaiterViews */ = {
			isa = PBXGroup;
			children = (
				F25326AC28F72266002F5F36 /* WaiterOrderView.swift */,
				F201A4FF28FAB28F0023FAE8 /* SelectTableView.swift */,
			);
			path = WaiterViews;
			sourceTree = "<group>";
		};
		F25326B328F82A78002F5F36 /* KitchenViews */ = {
			isa = PBXGroup;
			children = (
				F25326B128F82A71002F5F36 /* KitchenView.swift */,
				F235591D29045587002AEF80 /* OrderCardView.swift */,
			);
			path = KitchenViews;
			sourceTree = "<group>";
		};
		F25326B628F87360002F5F36 /* FunctionsViews */ = {
			isa = PBXGroup;
			children = (
				F25326B428F87358002F5F36 /* FunctionBoxView.swift */,
				F25326AF28F7290D002F5F36 /* DishView.swift */,
			);
			path = FunctionsViews;
			sourceTree = "<group>";
		};
		F29B1C302908264500303829 /* BossViews */ = {
			isa = PBXGroup;
			children = (
				F29B1C312908265700303829 /* BossMainView.swift */,
				F29B1C3829085C7E00303829 /* AddDishToMenuView.swift */,
			);
			path = BossViews;
			sourceTree = "<group>";
		};
		F29B1C3329082A1A00303829 /* Enums */ = {
			isa = PBXGroup;
			children = (
				F29B1C3429082A2F00303829 /* RoleEnum.swift */,
			);
			path = Enums;
			sourceTree = "<group>";
		};
		F29BC14E2917F3A500557956 /* ViewModels */ = {
			isa = PBXGroup;
			children = (
				F2EC9FCB2913CEA700493A27 /* DiningRoomViewModel.swift */,
				F2268FD328FD755A0096F35C /* OrdersInProgressViewModel.swift */,
				F235591B2903F52A002AEF80 /* OrdersInKitchenViewModel.swift */,
				F23D0ADA2909A287005C84F3 /* MenuViewModel.swift */,
			);
			path = ViewModels;
			sourceTree = "<group>";
		};
		F2C14384291417D50043CB32 /* ManageDiningRoomViews */ = {
			isa = PBXGroup;
			children = (
				F2C143872914191A0043CB32 /* ManageDiningRoomView.swift */,
				F2C14385291418180043CB32 /* TableInManageDiningRoomView.swift */,
			);
			path = ManageDiningRoomViews;
			sourceTree = "<group>";
		};
		F2EC9FC62912C98E00493A27 /* DiningRoomViews */ = {
			isa = PBXGroup;
			children = (
				F2EC9FC72912C99F00493A27 /* DiningRoomView.swift */,
				F2EC9FC92912CA1E00493A27 /* TableView.swift */,
			);
			path = DiningRoomViews;
			sourceTree = "<group>";
		};
/* End PBXGroup section */

/* Begin PBXNativeTarget section */
		F253267328F5E45A002F5F36 /* ResService */ = {
			isa = PBXNativeTarget;
			buildConfigurationList = F253269828F5E45A002F5F36 /* Build configuration list for PBXNativeTarget "ResService" */;
			buildPhases = (
				F253267028F5E45A002F5F36 /* Sources */,
				F253267128F5E45A002F5F36 /* Frameworks */,
				F253267228F5E45A002F5F36 /* Resources */,
			);
			buildRules = (
			);
			dependencies = (
			);
			name = ResService;
			packageProductDependencies = (
				F29B1C2629056E5000303829 /* FirebaseAnalytics */,
				F29B1C2829056E5000303829 /* FirebaseAnalyticsWithoutAdIdSupport */,
				F29B1C2A29056E5000303829 /* FirebaseAuth */,
				F29B1C2C29056E5000303829 /* FirebaseDatabase */,
			);
			productName = ResService;
			productReference = F253267428F5E45A002F5F36 /* ResService.app */;
			productType = "com.apple.product-type.application";
		};
		F253268328F5E45A002F5F36 /* ResServiceTests */ = {
			isa = PBXNativeTarget;
			buildConfigurationList = F253269B28F5E45A002F5F36 /* Build configuration list for PBXNativeTarget "ResServiceTests" */;
			buildPhases = (
				F253268028F5E45A002F5F36 /* Sources */,
				F253268128F5E45A002F5F36 /* Frameworks */,
				F253268228F5E45A002F5F36 /* Resources */,
			);
			buildRules = (
			);
			dependencies = (
				F253268628F5E45A002F5F36 /* PBXTargetDependency */,
			);
			name = ResServiceTests;
			productName = ResServiceTests;
			productReference = F253268428F5E45A002F5F36 /* ResServiceTests.xctest */;
			productType = "com.apple.product-type.bundle.unit-test";
		};
		F253268D28F5E45A002F5F36 /* ResServiceUITests */ = {
			isa = PBXNativeTarget;
			buildConfigurationList = F253269E28F5E45A002F5F36 /* Build configuration list for PBXNativeTarget "ResServiceUITests" */;
			buildPhases = (
				F253268A28F5E45A002F5F36 /* Sources */,
				F253268B28F5E45A002F5F36 /* Frameworks */,
				F253268C28F5E45A002F5F36 /* Resources */,
			);
			buildRules = (
			);
			dependencies = (
				F253269028F5E45A002F5F36 /* PBXTargetDependency */,
			);
			name = ResServiceUITests;
			productName = ResServiceUITests;
			productReference = F253268E28F5E45A002F5F36 /* ResServiceUITests.xctest */;
			productType = "com.apple.product-type.bundle.ui-testing";
		};
/* End PBXNativeTarget section */

/* Begin PBXProject section */
		F253266C28F5E45A002F5F36 /* Project object */ = {
			isa = PBXProject;
			attributes = {
				BuildIndependentTargetsInParallel = 1;
				LastSwiftUpdateCheck = 1400;
				LastUpgradeCheck = 1400;
				TargetAttributes = {
					F253267328F5E45A002F5F36 = {
						CreatedOnToolsVersion = 14.0.1;
					};
					F253268328F5E45A002F5F36 = {
						CreatedOnToolsVersion = 14.0.1;
						TestTargetID = F253267328F5E45A002F5F36;
					};
					F253268D28F5E45A002F5F36 = {
						CreatedOnToolsVersion = 14.0.1;
						TestTargetID = F253267328F5E45A002F5F36;
					};
				};
			};
			buildConfigurationList = F253266F28F5E45A002F5F36 /* Build configuration list for PBXProject "ResService" */;
			compatibilityVersion = "Xcode 14.0";
			developmentRegion = en;
			hasScannedForEncodings = 0;
			knownRegions = (
				en,
				Base,
			);
			mainGroup = F253266B28F5E45A002F5F36;
			packageReferences = (
				F29B1C2529056E5000303829 /* XCRemoteSwiftPackageReference "firebase-ios-sdk" */,
			);
			productRefGroup = F253267528F5E45A002F5F36 /* Products */;
			projectDirPath = "";
			projectRoot = "";
			targets = (
				F253267328F5E45A002F5F36 /* ResService */,
				F253268328F5E45A002F5F36 /* ResServiceTests */,
				F253268D28F5E45A002F5F36 /* ResServiceUITests */,
			);
		};
/* End PBXProject section */

/* Begin PBXResourcesBuildPhase section */
		F253267228F5E45A002F5F36 /* Resources */ = {
			isa = PBXResourcesBuildPhase;
			buildActionMask = 2147483647;
			files = (
				F253267F28F5E45A002F5F36 /* Preview Assets.xcassets in Resources */,
				F253267C28F5E45A002F5F36 /* Assets.xcassets in Resources */,
				F25326A428F5E9E6002F5F36 /* GoogleService-Info.plist in Resources */,
			);
			runOnlyForDeploymentPostprocessing = 0;
		};
		F253268228F5E45A002F5F36 /* Resources */ = {
			isa = PBXResourcesBuildPhase;
			buildActionMask = 2147483647;
			files = (
			);
			runOnlyForDeploymentPostprocessing = 0;
		};
		F253268C28F5E45A002F5F36 /* Resources */ = {
			isa = PBXResourcesBuildPhase;
			buildActionMask = 2147483647;
			files = (
			);
			runOnlyForDeploymentPostprocessing = 0;
		};
/* End PBXResourcesBuildPhase section */

/* Begin PBXSourcesBuildPhase section */
		F253267028F5E45A002F5F36 /* Sources */ = {
			isa = PBXSourcesBuildPhase;
			buildActionMask = 2147483647;
			files = (
				F227C2192916992D00184384 /* TableModel.swift in Sources */,
				F2EC9FCC2913CEA700493A27 /* DiningRoomViewModel.swift in Sources */,
				F29B1C3529082A2F00303829 /* RoleEnum.swift in Sources */,
				F25326B028F7290D002F5F36 /* DishView.swift in Sources */,
				F253267A28F5E45A002F5F36 /* ContentView.swift in Sources */,
				F23D0ADB2909A287005C84F3 /* MenuViewModel.swift in Sources */,
				F2D41C9A2912B1A2001B8230 /* Const.swift in Sources */,
				F201A50028FAB28F0023FAE8 /* SelectTableView.swift in Sources */,
				F2EC9FCA2912CA1E00493A27 /* TableView.swift in Sources */,
				F25326B528F87358002F5F36 /* FunctionBoxView.swift in Sources */,
				F29B1C322908265700303829 /* BossMainView.swift in Sources */,
				F2D41C962912AEC8001B8230 /* OrderCardModel.swift in Sources */,
				F2D41C922912ACBE001B8230 /* DishModel.swift in Sources */,
				F2268FD428FD755A0096F35C /* OrdersInProgressViewModel.swift in Sources */,
				F25326AD28F72266002F5F36 /* WaiterOrderView.swift in Sources */,
				F235591E29045587002AEF80 /* OrderCardView.swift in Sources */,
				F2C143882914191A0043CB32 /* ManageDiningRoomView.swift in Sources */,
				F29B1C3929085C7E00303829 /* AddDishToMenuView.swift in Sources */,
				F2091E702916F6DB00FFAFD0 /* TableProtocol.swift in Sources */,
				F2D41C942912AEB2001B8230 /* OrderModel.swift in Sources */,
				F23D0ADE290A9B0F005C84F3 /* MenuModel.swift in Sources */,
				F29B1C2F2905C69500303829 /* UserModel.swift in Sources */,
				F29B1C372908503800303829 /* MenuView.swift in Sources */,
				F25326B228F82A71002F5F36 /* KitchenView.swift in Sources */,
				F253267828F5E45A002F5F36 /* ResServiceApp.swift in Sources */,
				F2EC9FC82912C99F00493A27 /* DiningRoomView.swift in Sources */,
				F235591C2903F52A002AEF80 /* OrdersInKitchenViewModel.swift in Sources */,
				F237CB9529055E5D003C1007 /* SignInView.swift in Sources */,
				F2C14386291418180043CB32 /* TableInManageDiningRoomView.swift in Sources */,
				F2D41C982912AF3A001B8230 /* MenuSectionAndItemModel.swift in Sources */,
			);
			runOnlyForDeploymentPostprocessing = 0;
		};
		F253268028F5E45A002F5F36 /* Sources */ = {
			isa = PBXSourcesBuildPhase;
			buildActionMask = 2147483647;
			files = (
				F253268928F5E45A002F5F36 /* ResServiceTests.swift in Sources */,
			);
			runOnlyForDeploymentPostprocessing = 0;
		};
		F253268A28F5E45A002F5F36 /* Sources */ = {
			isa = PBXSourcesBuildPhase;
			buildActionMask = 2147483647;
			files = (
				F253269328F5E45A002F5F36 /* ResServiceUITests.swift in Sources */,
				F253269528F5E45A002F5F36 /* ResServiceUITestsLaunchTests.swift in Sources */,
			);
			runOnlyForDeploymentPostprocessing = 0;
		};
/* End PBXSourcesBuildPhase section */

/* Begin PBXTargetDependency section */
		F253268628F5E45A002F5F36 /* PBXTargetDependency */ = {
			isa = PBXTargetDependency;
			target = F253267328F5E45A002F5F36 /* ResService */;
			targetProxy = F253268528F5E45A002F5F36 /* PBXContainerItemProxy */;
		};
		F253269028F5E45A002F5F36 /* PBXTargetDependency */ = {
			isa = PBXTargetDependency;
			target = F253267328F5E45A002F5F36 /* ResService */;
			targetProxy = F253268F28F5E45A002F5F36 /* PBXContainerItemProxy */;
		};
/* End PBXTargetDependency section */

/* Begin XCBuildConfiguration section */
		F253269628F5E45A002F5F36 /* Debug */ = {
			isa = XCBuildConfiguration;
			buildSettings = {
				ALWAYS_SEARCH_USER_PATHS = NO;
				CLANG_ANALYZER_NONNULL = YES;
				CLANG_ANALYZER_NUMBER_OBJECT_CONVERSION = YES_AGGRESSIVE;
				CLANG_CXX_LANGUAGE_STANDARD = "gnu++20";
				CLANG_ENABLE_MODULES = YES;
				CLANG_ENABLE_OBJC_ARC = YES;
				CLANG_ENABLE_OBJC_WEAK = YES;
				CLANG_WARN_BLOCK_CAPTURE_AUTORELEASING = YES;
				CLANG_WARN_BOOL_CONVERSION = YES;
				CLANG_WARN_COMMA = YES;
				CLANG_WARN_CONSTANT_CONVERSION = YES;
				CLANG_WARN_DEPRECATED_OBJC_IMPLEMENTATIONS = YES;
				CLANG_WARN_DIRECT_OBJC_ISA_USAGE = YES_ERROR;
				CLANG_WARN_DOCUMENTATION_COMMENTS = YES;
				CLANG_WARN_EMPTY_BODY = YES;
				CLANG_WARN_ENUM_CONVERSION = YES;
				CLANG_WARN_INFINITE_RECURSION = YES;
				CLANG_WARN_INT_CONVERSION = YES;
				CLANG_WARN_NON_LITERAL_NULL_CONVERSION = YES;
				CLANG_WARN_OBJC_IMPLICIT_RETAIN_SELF = YES;
				CLANG_WARN_OBJC_LITERAL_CONVERSION = YES;
				CLANG_WARN_OBJC_ROOT_CLASS = YES_ERROR;
				CLANG_WARN_QUOTED_INCLUDE_IN_FRAMEWORK_HEADER = YES;
				CLANG_WARN_RANGE_LOOP_ANALYSIS = YES;
				CLANG_WARN_STRICT_PROTOTYPES = YES;
				CLANG_WARN_SUSPICIOUS_MOVE = YES;
				CLANG_WARN_UNGUARDED_AVAILABILITY = YES_AGGRESSIVE;
				CLANG_WARN_UNREACHABLE_CODE = YES;
				CLANG_WARN__DUPLICATE_METHOD_MATCH = YES;
				COPY_PHASE_STRIP = NO;
				DEBUG_INFORMATION_FORMAT = dwarf;
				ENABLE_STRICT_OBJC_MSGSEND = YES;
				ENABLE_TESTABILITY = YES;
				GCC_C_LANGUAGE_STANDARD = gnu11;
				GCC_DYNAMIC_NO_PIC = NO;
				GCC_NO_COMMON_BLOCKS = YES;
				GCC_OPTIMIZATION_LEVEL = 0;
				GCC_PREPROCESSOR_DEFINITIONS = (
					"DEBUG=1",
					"$(inherited)",
				);
				GCC_WARN_64_TO_32_BIT_CONVERSION = YES;
				GCC_WARN_ABOUT_RETURN_TYPE = YES_ERROR;
				GCC_WARN_UNDECLARED_SELECTOR = YES;
				GCC_WARN_UNINITIALIZED_AUTOS = YES_AGGRESSIVE;
				GCC_WARN_UNUSED_FUNCTION = YES;
				GCC_WARN_UNUSED_VARIABLE = YES;
				IPHONEOS_DEPLOYMENT_TARGET = 16.0;
				MTL_ENABLE_DEBUG_INFO = INCLUDE_SOURCE;
				MTL_FAST_MATH = YES;
				ONLY_ACTIVE_ARCH = YES;
				SDKROOT = iphoneos;
				SWIFT_ACTIVE_COMPILATION_CONDITIONS = DEBUG;
				SWIFT_OPTIMIZATION_LEVEL = "-Onone";
			};
			name = Debug;
		};
		F253269728F5E45A002F5F36 /* Release */ = {
			isa = XCBuildConfiguration;
			buildSettings = {
				ALWAYS_SEARCH_USER_PATHS = NO;
				CLANG_ANALYZER_NONNULL = YES;
				CLANG_ANALYZER_NUMBER_OBJECT_CONVERSION = YES_AGGRESSIVE;
				CLANG_CXX_LANGUAGE_STANDARD = "gnu++20";
				CLANG_ENABLE_MODULES = YES;
				CLANG_ENABLE_OBJC_ARC = YES;
				CLANG_ENABLE_OBJC_WEAK = YES;
				CLANG_WARN_BLOCK_CAPTURE_AUTORELEASING = YES;
				CLANG_WARN_BOOL_CONVERSION = YES;
				CLANG_WARN_COMMA = YES;
				CLANG_WARN_CONSTANT_CONVERSION = YES;
				CLANG_WARN_DEPRECATED_OBJC_IMPLEMENTATIONS = YES;
				CLANG_WARN_DIRECT_OBJC_ISA_USAGE = YES_ERROR;
				CLANG_WARN_DOCUMENTATION_COMMENTS = YES;
				CLANG_WARN_EMPTY_BODY = YES;
				CLANG_WARN_ENUM_CONVERSION = YES;
				CLANG_WARN_INFINITE_RECURSION = YES;
				CLANG_WARN_INT_CONVERSION = YES;
				CLANG_WARN_NON_LITERAL_NULL_CONVERSION = YES;
				CLANG_WARN_OBJC_IMPLICIT_RETAIN_SELF = YES;
				CLANG_WARN_OBJC_LITERAL_CONVERSION = YES;
				CLANG_WARN_OBJC_ROOT_CLASS = YES_ERROR;
				CLANG_WARN_QUOTED_INCLUDE_IN_FRAMEWORK_HEADER = YES;
				CLANG_WARN_RANGE_LOOP_ANALYSIS = YES;
				CLANG_WARN_STRICT_PROTOTYPES = YES;
				CLANG_WARN_SUSPICIOUS_MOVE = YES;
				CLANG_WARN_UNGUARDED_AVAILABILITY = YES_AGGRESSIVE;
				CLANG_WARN_UNREACHABLE_CODE = YES;
				CLANG_WARN__DUPLICATE_METHOD_MATCH = YES;
				COPY_PHASE_STRIP = NO;
				DEBUG_INFORMATION_FORMAT = "dwarf-with-dsym";
				ENABLE_NS_ASSERTIONS = NO;
				ENABLE_STRICT_OBJC_MSGSEND = YES;
				GCC_C_LANGUAGE_STANDARD = gnu11;
				GCC_NO_COMMON_BLOCKS = YES;
				GCC_WARN_64_TO_32_BIT_CONVERSION = YES;
				GCC_WARN_ABOUT_RETURN_TYPE = YES_ERROR;
				GCC_WARN_UNDECLARED_SELECTOR = YES;
				GCC_WARN_UNINITIALIZED_AUTOS = YES_AGGRESSIVE;
				GCC_WARN_UNUSED_FUNCTION = YES;
				GCC_WARN_UNUSED_VARIABLE = YES;
				IPHONEOS_DEPLOYMENT_TARGET = 16.0;
				MTL_ENABLE_DEBUG_INFO = NO;
				MTL_FAST_MATH = YES;
				SDKROOT = iphoneos;
				SWIFT_COMPILATION_MODE = wholemodule;
				SWIFT_OPTIMIZATION_LEVEL = "-O";
				VALIDATE_PRODUCT = YES;
			};
			name = Release;
		};
		F253269928F5E45A002F5F36 /* Debug */ = {
			isa = XCBuildConfiguration;
			buildSettings = {
				ASSETCATALOG_COMPILER_APPICON_NAME = AppIcon;
				ASSETCATALOG_COMPILER_GLOBAL_ACCENT_COLOR_NAME = AccentColor;
				CODE_SIGN_STYLE = Automatic;
				CURRENT_PROJECT_VERSION = 1;
				DEVELOPMENT_ASSET_PATHS = "\"ResService/Preview Content\"";
				DEVELOPMENT_TEAM = YKV2G5YRAW;
				ENABLE_PREVIEWS = YES;
				GENERATE_INFOPLIST_FILE = YES;
				INFOPLIST_KEY_UIApplicationSceneManifest_Generation = YES;
				INFOPLIST_KEY_UIApplicationSupportsIndirectInputEvents = YES;
				INFOPLIST_KEY_UILaunchScreen_Generation = YES;
				INFOPLIST_KEY_UISupportedInterfaceOrientations_iPad = "UIInterfaceOrientationPortrait UIInterfaceOrientationPortraitUpsideDown UIInterfaceOrientationLandscapeLeft UIInterfaceOrientationLandscapeRight";
				INFOPLIST_KEY_UISupportedInterfaceOrientations_iPhone = "UIInterfaceOrientationPortrait UIInterfaceOrientationLandscapeLeft UIInterfaceOrientationLandscapeRight";
				IPHONEOS_DEPLOYMENT_TARGET = 15.6;
				LD_RUNPATH_SEARCH_PATHS = (
					"$(inherited)",
					"@executable_path/Frameworks",
				);
				MARKETING_VERSION = 1.0;
				PRODUCT_BUNDLE_IDENTIFIER = com.mtofil.ResService;
				PRODUCT_NAME = "$(TARGET_NAME)";
				SWIFT_EMIT_LOC_STRINGS = YES;
				SWIFT_VERSION = 5.0;
				TARGETED_DEVICE_FAMILY = "1,2";
			};
			name = Debug;
		};
		F253269A28F5E45A002F5F36 /* Release */ = {
			isa = XCBuildConfiguration;
			buildSettings = {
				ASSETCATALOG_COMPILER_APPICON_NAME = AppIcon;
				ASSETCATALOG_COMPILER_GLOBAL_ACCENT_COLOR_NAME = AccentColor;
				CODE_SIGN_STYLE = Automatic;
				CURRENT_PROJECT_VERSION = 1;
				DEVELOPMENT_ASSET_PATHS = "\"ResService/Preview Content\"";
				DEVELOPMENT_TEAM = YKV2G5YRAW;
				ENABLE_PREVIEWS = YES;
				GENERATE_INFOPLIST_FILE = YES;
				INFOPLIST_KEY_UIApplicationSceneManifest_Generation = YES;
				INFOPLIST_KEY_UIApplicationSupportsIndirectInputEvents = YES;
				INFOPLIST_KEY_UILaunchScreen_Generation = YES;
				INFOPLIST_KEY_UISupportedInterfaceOrientations_iPad = "UIInterfaceOrientationPortrait UIInterfaceOrientationPortraitUpsideDown UIInterfaceOrientationLandscapeLeft UIInterfaceOrientationLandscapeRight";
				INFOPLIST_KEY_UISupportedInterfaceOrientations_iPhone = "UIInterfaceOrientationPortrait UIInterfaceOrientationLandscapeLeft UIInterfaceOrientationLandscapeRight";
				IPHONEOS_DEPLOYMENT_TARGET = 15.6;
				LD_RUNPATH_SEARCH_PATHS = (
					"$(inherited)",
					"@executable_path/Frameworks",
				);
				MARKETING_VERSION = 1.0;
				PRODUCT_BUNDLE_IDENTIFIER = com.mtofil.ResService;
				PRODUCT_NAME = "$(TARGET_NAME)";
				SWIFT_EMIT_LOC_STRINGS = YES;
				SWIFT_VERSION = 5.0;
				TARGETED_DEVICE_FAMILY = "1,2";
			};
			name = Release;
		};
		F253269C28F5E45A002F5F36 /* Debug */ = {
			isa = XCBuildConfiguration;
			buildSettings = {
				ALWAYS_EMBED_SWIFT_STANDARD_LIBRARIES = YES;
				BUNDLE_LOADER = "$(TEST_HOST)";
				CODE_SIGN_STYLE = Automatic;
				CURRENT_PROJECT_VERSION = 1;
				DEVELOPMENT_TEAM = YKV2G5YRAW;
				GENERATE_INFOPLIST_FILE = YES;
				IPHONEOS_DEPLOYMENT_TARGET = 16.0;
				MARKETING_VERSION = 1.0;
				PRODUCT_BUNDLE_IDENTIFIER = com.mtofil.ResServiceTests;
				PRODUCT_NAME = "$(TARGET_NAME)";
				SWIFT_EMIT_LOC_STRINGS = NO;
				SWIFT_VERSION = 5.0;
				TARGETED_DEVICE_FAMILY = "1,2";
				TEST_HOST = "$(BUILT_PRODUCTS_DIR)/ResService.app/$(BUNDLE_EXECUTABLE_FOLDER_PATH)/ResService";
			};
			name = Debug;
		};
		F253269D28F5E45A002F5F36 /* Release */ = {
			isa = XCBuildConfiguration;
			buildSettings = {
				ALWAYS_EMBED_SWIFT_STANDARD_LIBRARIES = YES;
				BUNDLE_LOADER = "$(TEST_HOST)";
				CODE_SIGN_STYLE = Automatic;
				CURRENT_PROJECT_VERSION = 1;
				DEVELOPMENT_TEAM = YKV2G5YRAW;
				GENERATE_INFOPLIST_FILE = YES;
				IPHONEOS_DEPLOYMENT_TARGET = 16.0;
				MARKETING_VERSION = 1.0;
				PRODUCT_BUNDLE_IDENTIFIER = com.mtofil.ResServiceTests;
				PRODUCT_NAME = "$(TARGET_NAME)";
				SWIFT_EMIT_LOC_STRINGS = NO;
				SWIFT_VERSION = 5.0;
				TARGETED_DEVICE_FAMILY = "1,2";
				TEST_HOST = "$(BUILT_PRODUCTS_DIR)/ResService.app/$(BUNDLE_EXECUTABLE_FOLDER_PATH)/ResService";
			};
			name = Release;
		};
		F253269F28F5E45A002F5F36 /* Debug */ = {
			isa = XCBuildConfiguration;
			buildSettings = {
				ALWAYS_EMBED_SWIFT_STANDARD_LIBRARIES = YES;
				CODE_SIGN_STYLE = Automatic;
				CURRENT_PROJECT_VERSION = 1;
				DEVELOPMENT_TEAM = YKV2G5YRAW;
				GENERATE_INFOPLIST_FILE = YES;
				MARKETING_VERSION = 1.0;
				PRODUCT_BUNDLE_IDENTIFIER = com.mtofil.ResServiceUITests;
				PRODUCT_NAME = "$(TARGET_NAME)";
				SWIFT_EMIT_LOC_STRINGS = NO;
				SWIFT_VERSION = 5.0;
				TARGETED_DEVICE_FAMILY = "1,2";
				TEST_TARGET_NAME = ResService;
			};
			name = Debug;
		};
		F25326A028F5E45A002F5F36 /* Release */ = {
			isa = XCBuildConfiguration;
			buildSettings = {
				ALWAYS_EMBED_SWIFT_STANDARD_LIBRARIES = YES;
				CODE_SIGN_STYLE = Automatic;
				CURRENT_PROJECT_VERSION = 1;
				DEVELOPMENT_TEAM = YKV2G5YRAW;
				GENERATE_INFOPLIST_FILE = YES;
				MARKETING_VERSION = 1.0;
				PRODUCT_BUNDLE_IDENTIFIER = com.mtofil.ResServiceUITests;
				PRODUCT_NAME = "$(TARGET_NAME)";
				SWIFT_EMIT_LOC_STRINGS = NO;
				SWIFT_VERSION = 5.0;
				TARGETED_DEVICE_FAMILY = "1,2";
				TEST_TARGET_NAME = ResService;
			};
			name = Release;
		};
/* End XCBuildConfiguration section */

/* Begin XCConfigurationList section */
		F253266F28F5E45A002F5F36 /* Build configuration list for PBXProject "ResService" */ = {
			isa = XCConfigurationList;
			buildConfigurations = (
				F253269628F5E45A002F5F36 /* Debug */,
				F253269728F5E45A002F5F36 /* Release */,
			);
			defaultConfigurationIsVisible = 0;
			defaultConfigurationName = Release;
		};
		F253269828F5E45A002F5F36 /* Build configuration list for PBXNativeTarget "ResService" */ = {
			isa = XCConfigurationList;
			buildConfigurations = (
				F253269928F5E45A002F5F36 /* Debug */,
				F253269A28F5E45A002F5F36 /* Release */,
			);
			defaultConfigurationIsVisible = 0;
			defaultConfigurationName = Release;
		};
		F253269B28F5E45A002F5F36 /* Build configuration list for PBXNativeTarget "ResServiceTests" */ = {
			isa = XCConfigurationList;
			buildConfigurations = (
				F253269C28F5E45A002F5F36 /* Debug */,
				F253269D28F5E45A002F5F36 /* Release */,
			);
			defaultConfigurationIsVisible = 0;
			defaultConfigurationName = Release;
		};
		F253269E28F5E45A002F5F36 /* Build configuration list for PBXNativeTarget "ResServiceUITests" */ = {
			isa = XCConfigurationList;
			buildConfigurations = (
				F253269F28F5E45A002F5F36 /* Debug */,
				F25326A028F5E45A002F5F36 /* Release */,
			);
			defaultConfigurationIsVisible = 0;
			defaultConfigurationName = Release;
		};
/* End XCConfigurationList section */

/* Begin XCRemoteSwiftPackageReference section */
		F29B1C2529056E5000303829 /* XCRemoteSwiftPackageReference "firebase-ios-sdk" */ = {
			isa = XCRemoteSwiftPackageReference;
			repositoryURL = "https://github.com/firebase/firebase-ios-sdk";
			requirement = {
				kind = upToNextMajorVersion;
				minimumVersion = 9.0.0;
			};
		};
/* End XCRemoteSwiftPackageReference section */

/* Begin XCSwiftPackageProductDependency section */
		F29B1C2629056E5000303829 /* FirebaseAnalytics */ = {
			isa = XCSwiftPackageProductDependency;
			package = F29B1C2529056E5000303829 /* XCRemoteSwiftPackageReference "firebase-ios-sdk" */;
			productName = FirebaseAnalytics;
		};
		F29B1C2829056E5000303829 /* FirebaseAnalyticsWithoutAdIdSupport */ = {
			isa = XCSwiftPackageProductDependency;
			package = F29B1C2529056E5000303829 /* XCRemoteSwiftPackageReference "firebase-ios-sdk" */;
			productName = FirebaseAnalyticsWithoutAdIdSupport;
		};
		F29B1C2A29056E5000303829 /* FirebaseAuth */ = {
			isa = XCSwiftPackageProductDependency;
			package = F29B1C2529056E5000303829 /* XCRemoteSwiftPackageReference "firebase-ios-sdk" */;
			productName = FirebaseAuth;
		};
		F29B1C2C29056E5000303829 /* FirebaseDatabase */ = {
			isa = XCSwiftPackageProductDependency;
			package = F29B1C2529056E5000303829 /* XCRemoteSwiftPackageReference "firebase-ios-sdk" */;
			productName = FirebaseDatabase;
		};
/* End XCSwiftPackageProductDependency section */
	};
	rootObject = F253266C28F5E45A002F5F36 /* Project object */;
}
